
Microsoft Visual Studio Solution File, Format Version 12.00
# Visual Studio Version 16
VisualStudioVersion = 16.0.30011.22
MinimumVisualStudioVersion = 10.0.40219.1
Project("{FAE04EC0-301F-11D3-BF4B-00C04F79EFBC}") = "FormsApp", "FormsApp\FormsApp.csproj", "{035056F5-01F6-4D48-897B-3CF7F2CD247A}"
EndProject
Project("{FAE04EC0-301F-11D3-BF4B-00C04F79EFBC}") = "WPFSollersApp", "WPFSollersApp\WPFSollersApp.csproj", "{A32ADB9C-F31B-4A50-8DCF-DB16AB1EDBDA}"
EndProject
Project("{FAE04EC0-301F-11D3-BF4B-00C04F79EFBC}") = "TheadsAndDelegates", "..\..\..\OneDrive\Documents\5-csharp-events-delegates-m5-exercise-files\Code\After\AsyncDelegatesAndThreading\AsyncDelegatesAndThreading\TheadsAndDelegates.csproj", "{0D0E29E4-AE37-4058-8159-E7D67C8DDB9C}"
EndProject
Global
	GlobalSection(SolutionConfigurationPlatforms) = preSolution
		Debug|Any CPU = Debug|Any CPU
		Release|Any CPU = Release|Any CPU
	EndGlobalSection
	GlobalSection(ProjectConfigurationPlatforms) = postSolution
		{035056F5-01F6-4D48-897B-3CF7F2CD247A}.Debug|Any CPU.ActiveCfg = Debug|Any CPU
		{035056F5-01F6-4D48-897B-3CF7F2CD247A}.Debug|Any CPU.Build.0 = Debug|Any CPU
		{035056F5-01F6-4D48-897B-3CF7F2CD247A}.Release|Any CPU.ActiveCfg = Release|Any CPU
		{035056F5-01F6-4D48-897B-3CF7F2CD247A}.Release|Any CPU.Build.0 = Release|Any CPU
		{A32ADB9C-F31B-4A50-8DCF-DB16AB1EDBDA}.Debug|Any CPU.ActiveCfg = Debug|Any CPU
		{A32ADB9C-F31B-4A50-8DCF-DB16AB1EDBDA}.Debug|Any CPU.Build.0 = Debug|Any CPU
		{A32ADB9C-F31B-4A50-8DCF-DB16AB1EDBDA}.Release|Any CPU.ActiveCfg = Release|Any CPU
		{A32ADB9C-F31B-4A50-8DCF-DB16AB1EDBDA}.Release|Any CPU.Build.0 = Release|Any CPU
		{0D0E29E4-AE37-4058-8159-E7D67C8DDB9C}.Debug|Any CPU.ActiveCfg = Debug|Any CPU
		{0D0E29E4-AE37-4058-8159-E7D67C8DDB9C}.Debug|Any CPU.Build.0 = Debug|Any CPU
		{0D0E29E4-AE37-4058-8159-E7D67C8DDB9C}.Release|Any CPU.ActiveCfg = Release|Any CPU
		{0D0E29E4-AE37-4058-8159-E7D67C8DDB9C}.Release|Any CPU.Build.0 = Release|Any CPU
	EndGlobalSection
	GlobalSection(SolutionProperties) = preSolution
		HideSolutionNode = FALSE
	EndGlobalSection
	GlobalSection(ExtensibilityGlobals) = postSolution
		SolutionGuid = {DB359CFD-024F-4110-B01E-079559125323}
	EndGlobalSection
EndGlobal
